
Microsoft Visual Studio Solution File, Format Version 12.00
# Visual Studio 15
VisualStudioVersion = 15.0.27703.2026
MinimumVisualStudioVersion = 10.0.40219.1
Project("{FAE04EC0-301F-11D3-BF4B-00C04F79EFBC}") = "TestProject", "TestProject\TestProject.csproj", "{EAFE3E85-4844-490A-B5F1-497D2D7226D3}"
EndProject
Project("{FAE04EC0-301F-11D3-BF4B-00C04F79EFBC}") = "TestProject.Tests", "TestProject.Tests\TestProject.Tests.csproj", "{37AF4E14-083B-4FC7-A42A-22292D8FF798}"
EndProject
Global
	GlobalSection(SolutionConfigurationPlatforms) = preSolution
		Debug|Any CPU = Debug|Any CPU
		Release|Any CPU = Release|Any CPU
	EndGlobalSection
	GlobalSection(ProjectConfigurationPlatforms) = postSolution
		{EAFE3E85-4844-490A-B5F1-497D2D7226D3}.Debug|Any CPU.ActiveCfg = Debug|Any CPU
		{EAFE3E85-4844-490A-B5F1-497D2D7226D3}.Debug|Any CPU.Build.0 = Debug|Any CPU
		{EAFE3E85-4844-490A-B5F1-497D2D7226D3}.Release|Any CPU.ActiveCfg = Release|Any CPU
		{EAFE3E85-4844-490A-B5F1-497D2D7226D3}.Release|Any CPU.Build.0 = Release|Any CPU
		{37AF4E14-083B-4FC7-A42A-22292D8FF798}.Debug|Any CPU.ActiveCfg = Debug|Any CPU
		{37AF4E14-083B-4FC7-A42A-22292D8FF798}.Debug|Any CPU.Build.0 = Debug|Any CPU
		{37AF4E14-083B-4FC7-A42A-22292D8FF798}.Release|Any CPU.ActiveCfg = Release|Any CPU
		{37AF4E14-083B-4FC7-A42A-22292D8FF798}.Release|Any CPU.Build.0 = Release|Any CPU
	EndGlobalSection
	GlobalSection(SolutionProperties) = preSolution
		HideSolutionNode = FALSE
	EndGlobalSection
	GlobalSection(ExtensibilityGlobals) = postSolution
		SolutionGuid = {E7C0A0E8-220B-49BE-A114-2477692A3598}
	EndGlobalSection
EndGlobal
